
Microsoft Visual Studio Solution File, Format Version 12.00
# Visual Studio 15
VisualStudioVersion = 15.0.28307.572
MinimumVisualStudioVersion = 10.0.40219.1
Project("{FAE04EC0-301F-11D3-BF4B-00C04F79EFBC}") = "LoanApp", "LoanApp\LoanApp.csproj", "{18EA9D79-B19E-410A-BE93-C54FB13DBC37}"
EndProject
Project("{FAE04EC0-301F-11D3-BF4B-00C04F79EFBC}") = "ActivityApp", "ActivityApp\ActivityApp.csproj", "{F787F6BD-C776-4DE5-BF3A-46AD6C536906}"
EndProject
Project("{FAE04EC0-301F-11D3-BF4B-00C04F79EFBC}") = "SecureViewingApp", "SecureViewingApp\SecureViewingApp.csproj", "{11780504-1F32-4200-80B9-5901E53FD997}"
EndProject
Global
	GlobalSection(SolutionConfigurationPlatforms) = preSolution
		Debug|Any CPU = Debug|Any CPU
		Release|Any CPU = Release|Any CPU
	EndGlobalSection
	GlobalSection(ProjectConfigurationPlatforms) = postSolution
		{18EA9D79-B19E-410A-BE93-C54FB13DBC37}.Debug|Any CPU.ActiveCfg = Debug|Any CPU
		{18EA9D79-B19E-410A-BE93-C54FB13DBC37}.Debug|Any CPU.Build.0 = Debug|Any CPU
		{18EA9D79-B19E-410A-BE93-C54FB13DBC37}.Release|Any CPU.ActiveCfg = Release|Any CPU
		{18EA9D79-B19E-410A-BE93-C54FB13DBC37}.Release|Any CPU.Build.0 = Release|Any CPU
		{F787F6BD-C776-4DE5-BF3A-46AD6C536906}.Debug|Any CPU.ActiveCfg = Debug|Any CPU
		{F787F6BD-C776-4DE5-BF3A-46AD6C536906}.Debug|Any CPU.Build.0 = Debug|Any CPU
		{F787F6BD-C776-4DE5-BF3A-46AD6C536906}.Release|Any CPU.ActiveCfg = Release|Any CPU
		{F787F6BD-C776-4DE5-BF3A-46AD6C536906}.Release|Any CPU.Build.0 = Release|Any CPU
		{11780504-1F32-4200-80B9-5901E53FD997}.Debug|Any CPU.ActiveCfg = Debug|Any CPU
		{11780504-1F32-4200-80B9-5901E53FD997}.Debug|Any CPU.Build.0 = Debug|Any CPU
		{11780504-1F32-4200-80B9-5901E53FD997}.Release|Any CPU.ActiveCfg = Release|Any CPU
		{11780504-1F32-4200-80B9-5901E53FD997}.Release|Any CPU.Build.0 = Release|Any CPU
		{B8A0BC0F-6B73-42EC-95E5-9BAD15A56102}.Debug|Any CPU.ActiveCfg = Debug|Any CPU
		{B8A0BC0F-6B73-42EC-95E5-9BAD15A56102}.Debug|Any CPU.Build.0 = Debug|Any CPU
		{B8A0BC0F-6B73-42EC-95E5-9BAD15A56102}.Release|Any CPU.ActiveCfg = Release|Any CPU
		{B8A0BC0F-6B73-42EC-95E5-9BAD15A56102}.Release|Any CPU.Build.0 = Release|Any CPU
	EndGlobalSection
	GlobalSection(SolutionProperties) = preSolution
		HideSolutionNode = FALSE
	EndGlobalSection
	GlobalSection(ExtensibilityGlobals) = postSolution
		SolutionGuid = {9DB4B26B-AAF3-4464-865E-2261144A3480}
	EndGlobalSection
EndGlobal
